
Microsoft Visual Studio Solution File, Format Version 12.00
# Visual Studio Version 16
VisualStudioVersion = 16.0.30503.244
MinimumVisualStudioVersion = 10.0.40219.1
Project("{FAE04EC0-301F-11D3-BF4B-00C04F79EFBC}") = "AirportTimetable", "AirportTimetable\AirportTimetable.csproj", "{3E090AC7-DC8E-4CC3-9533-B0916D9878B0}"
EndProject
Global
	GlobalSection(SolutionConfigurationPlatforms) = preSolution
		Debug|Any CPU = Debug|Any CPU
		Release|Any CPU = Release|Any CPU
	EndGlobalSection
	GlobalSection(ProjectConfigurationPlatforms) = postSolution
		{3E090AC7-DC8E-4CC3-9533-B0916D9878B0}.Debug|Any CPU.ActiveCfg = Debug|Any CPU
		{3E090AC7-DC8E-4CC3-9533-B0916D9878B0}.Debug|Any CPU.Build.0 = Debug|Any CPU
		{3E090AC7-DC8E-4CC3-9533-B0916D9878B0}.Release|Any CPU.ActiveCfg = Release|Any CPU
		{3E090AC7-DC8E-4CC3-9533-B0916D9878B0}.Release|Any CPU.Build.0 = Release|Any CPU
	EndGlobalSection
	GlobalSection(SolutionProperties) = preSolution
		HideSolutionNode = FALSE
	EndGlobalSection
	GlobalSection(ExtensibilityGlobals) = postSolution
		SolutionGuid = {25BE707A-2702-4412-A9E5-1CADCA13697D}
	EndGlobalSection
EndGlobal
